
Microsoft Visual Studio Solution File, Format Version 12.00
# Visual Studio Version 17
VisualStudioVersion = 17.5.33516.290
MinimumVisualStudioVersion = 10.0.40219.1
Project("{9A19103F-16F7-4668-BE54-9A1E7A4F7556}") = "OpenAPI.Validation", "src\OpenAPI.Validation\OpenAPI.Validation.csproj", "{6175CB77-7730-4BD2-BBE1-F90E99C79546}"
EndProject
Project("{FAE04EC0-301F-11D3-BF4B-00C04F79EFBC}") = "OpenAPI.Validation.IntegrationTests", "tests\OpenAPI.Validation.IntegrationTests\OpenAPI.Validation.IntegrationTests.csproj", "{7D5C97F9-A748-4A5C-B01C-A74DA64C194D}"
EndProject
Global
	GlobalSection(SolutionConfigurationPlatforms) = preSolution
		Debug|Any CPU = Debug|Any CPU
		Release|Any CPU = Release|Any CPU
	EndGlobalSection
	GlobalSection(ProjectConfigurationPlatforms) = postSolution
		{6175CB77-7730-4BD2-BBE1-F90E99C79546}.Debug|Any CPU.ActiveCfg = Debug|Any CPU
		{6175CB77-7730-4BD2-BBE1-F90E99C79546}.Debug|Any CPU.Build.0 = Debug|Any CPU
		{6175CB77-7730-4BD2-BBE1-F90E99C79546}.Release|Any CPU.ActiveCfg = Release|Any CPU
		{6175CB77-7730-4BD2-BBE1-F90E99C79546}.Release|Any CPU.Build.0 = Release|Any CPU
		{7D5C97F9-A748-4A5C-B01C-A74DA64C194D}.Debug|Any CPU.ActiveCfg = Debug|Any CPU
		{7D5C97F9-A748-4A5C-B01C-A74DA64C194D}.Debug|Any CPU.Build.0 = Debug|Any CPU
		{7D5C97F9-A748-4A5C-B01C-A74DA64C194D}.Release|Any CPU.ActiveCfg = Release|Any CPU
		{7D5C97F9-A748-4A5C-B01C-A74DA64C194D}.Release|Any CPU.Build.0 = Release|Any CPU
	EndGlobalSection
	GlobalSection(SolutionProperties) = preSolution
		HideSolutionNode = FALSE
	EndGlobalSection
	GlobalSection(ExtensibilityGlobals) = postSolution
		SolutionGuid = {26014548-1E89-4FEB-862E-E386AA25610C}
	EndGlobalSection
EndGlobal
